
Microsoft Visual Studio Solution File, Format Version 12.00
# Visual Studio Version 17
VisualStudioVersion = 17.12.35527.113 d17.12
MinimumVisualStudioVersion = 10.0.40219.1
Project("{FAE04EC0-301F-11D3-BF4B-00C04F79EFBC}") = "Student Course Enrolment System", "Student Course Enrolment System\Student Course Enrolment System.csproj", "{C5C498DE-F79A-486D-90E0-06046090AFEE}"
EndProject
Global
	GlobalSection(SolutionConfigurationPlatforms) = preSolution
		Debug|Any CPU = Debug|Any CPU
		Release|Any CPU = Release|Any CPU
	EndGlobalSection
	GlobalSection(ProjectConfigurationPlatforms) = postSolution
		{C5C498DE-F79A-486D-90E0-06046090AFEE}.Debug|Any CPU.ActiveCfg = Debug|Any CPU
		{C5C498DE-F79A-486D-90E0-06046090AFEE}.Debug|Any CPU.Build.0 = Debug|Any CPU
		{C5C498DE-F79A-486D-90E0-06046090AFEE}.Release|Any CPU.ActiveCfg = Release|Any CPU
		{C5C498DE-F79A-486D-90E0-06046090AFEE}.Release|Any CPU.Build.0 = Release|Any CPU
	EndGlobalSection
	GlobalSection(SolutionProperties) = preSolution
		HideSolutionNode = FALSE
	EndGlobalSection
EndGlobal
